<?xml version="1.0" encoding="utf-8"?>
<Project ToolsVersion="4.0" xmlns="http://schemas.microsoft.com/developer/msbuild/2003">
  <ItemGroup>
    <Filter Include="资源文件">
      <UniqueIdentifier>{67DA6AB6-F800-4c08-8B7A-83BB121AAD01}</UniqueIdentifier>
      <Extensions>rc;ico;cur;bmp;dlg;rc2;rct;bin;rgs;gif;jpg;jpeg;jpe;resx;tiff;tif;png;wav;mfcribbon-ms</Extensions>
    </Filter>
    <Filter Include="着色器">
      <UniqueIdentifier>{c01108ff-58e3-4fc8-a562-12673f255c27}</UniqueIdentifier>
    </Filter>
    <Filter Include="d3d架构">
      <UniqueIdentifier>{4FC737F1-C7A5-4376-A066-2A32D752A2FF}</UniqueIdentifier>
      <Extensions>cpp;c;cc;cxx;def;odl;idl;hpj;bat;asm;asmx</Extensions>
    </Filter>
    <Filter Include="输入">
      <UniqueIdentifier>{93995380-89BD-4b04-88EB-625FBE52EBFB}</UniqueIdentifier>
      <Extensions>h;hh;hpp;hxx;hm;inl;inc;ipp;xsd</Extensions>
    </Filter>
    <Filter Include="UI">
      <UniqueIdentifier>{55da9f5b-04fd-4c5d-94b8-e11e633648bd}</UniqueIdentifier>
    </Filter>
    <Filter Include="摄像机">
      <UniqueIdentifier>{372de0af-23a4-40d8-a945-dddca9768c1c}</UniqueIdentifier>
    </Filter>
    <Filter Include="Scene">
      <UniqueIdentifier>{abd1a52f-ee07-4ef6-973b-90851a621f80}</UniqueIdentifier>
    </Filter>
    <Filter Include="GameObject">
      <UniqueIdentifier>{755ec50c-6617-424f-8a2d-616e81fe63fe}</UniqueIdentifier>
    </Filter>
    <Filter Include="Component">
      <UniqueIdentifier>{b2195ec0-e693-4346-94ac-f163fedbd1f5}</UniqueIdentifier>
    </Filter>
    <Filter Include="游戏架构">
      <UniqueIdentifier>{7acd4044-bace-4e04-bcce-c88fae244ca4}</UniqueIdentifier>
    </Filter>
    <Filter Include="sqlite">
      <UniqueIdentifier>{aa492ae9-328c-47e0-a60b-8edeb17c3eb2}</UniqueIdentifier>
    </Filter>
    <Filter Include="UI\window">
      <UniqueIdentifier>{5da6d1ce-04b2-4785-8799-4b56a7355f98}</UniqueIdentifier>
    </Filter>
    <Filter Include="dds">
      <UniqueIdentifier>{712309f7-4d77-4942-9105-e622430ba4b7}</UniqueIdentifier>
    </Filter>
    <Filter Include="数据库">
      <UniqueIdentifier>{422f5d06-315c-4509-b01d-742a6d478785}</UniqueIdentifier>
    </Filter>
    <Filter Include="数据库\数据表">
      <UniqueIdentifier>{640956c6-d434-4e35-8280-e4094ea2d7ed}</UniqueIdentifier>
    </Filter>
    <Filter Include="EffectComponent">
      <UniqueIdentifier>{9519a093-4a8c-4882-950b-ce7fd53a549d}</UniqueIdentifier>
    </Filter>
    <Filter Include="Effect框架">
      <UniqueIdentifier>{274985dc-b5af-4033-b7ff-380af0ad55d3}</UniqueIdentifier>
    </Filter>
    <Filter Include="Task">
      <UniqueIdentifier>{46cf3438-c16e-46c6-9fdf-48de1a2641db}</UniqueIdentifier>
    </Filter>
    <Filter Include="宏定义">
      <UniqueIdentifier>{893980c8-483b-4a4c-a743-0c990d0ccae5}</UniqueIdentifier>
    </Filter>
    <Filter Include="log">
      <UniqueIdentifier>{79603e1a-1250-404f-bd05-fe482f429684}</UniqueIdentifier>
    </Filter>
  </ItemGroup>
  <ItemGroup>
    <ClCompile Include="d3dApp.cpp">
      <Filter>d3d架构</Filter>
    </ClCompile>
    <ClCompile Include="Main.cpp">
      <Filter>d3d架构</Filter>
    </ClCompile>
    <ClCompile Include="d3dUtil.cpp">
      <Filter>d3d架构</Filter>
    </ClCompile>
    <ClCompile Include="DXTrace.cpp">
      <Filter>d3d架构</Filter>
    </ClCompile>
    <ClCompile Include="GameTimer.cpp">
      <Filter>d3d架构</Filter>
    </ClCompile>
    <ClCompile Include="ddsLoader.cpp">
      <Filter>dds</Filter>
    </ClCompile>
    <ClCompile Include="DDSTextureLoader.cpp">
      <Filter>dds</Filter>
    </ClCompile>
    <ClCompile Include="WICTextureLoader.cpp">
      <Filter>dds</Filter>
    </ClCompile>
    <ClCompile Include="Keyboard.cpp">
      <Filter>输入</Filter>
    </ClCompile>
    <ClCompile Include="Mouse.cpp">
      <Filter>输入</Filter>
    </ClCompile>
    <ClCompile Include="Camera.cpp">
      <Filter>摄像机</Filter>
    </ClCompile>
    <ClCompile Include="Transform.cpp">
      <Filter>摄像机</Filter>
    </ClCompile>
    <ClCompile Include="GameApp.cpp">
      <Filter>游戏架构</Filter>
    </ClCompile>
    <ClCompile Include="demoScene.cpp">
      <Filter>Scene</Filter>
    </ClCompile>
    <ClCompile Include="MainScene.cpp">
      <Filter>Scene</Filter>
    </ClCompile>
    <ClCompile Include="UIButton.cpp">
      <Filter>UI</Filter>
    </ClCompile>
    <ClCompile Include="GameObject.cpp">
      <Filter>GameObject</Filter>
    </ClCompile>
    <ClCompile Include="Component.cpp">
      <Filter>Component</Filter>
    </ClCompile>
    <ClCompile Include="TransformComponent.cpp">
      <Filter>Component</Filter>
    </ClCompile>
    <ClCompile Include="RenderComponent.cpp">
      <Filter>Component</Filter>
    </ClCompile>
    <ClCompile Include="GamePlayer.cpp">
      <Filter>GameObject</Filter>
    </ClCompile>
    <ClCompile Include="UIShaderTest.cpp">
      <Filter>UI</Filter>
    </ClCompile>
    <ClCompile Include="shell.c">
      <Filter>sqlite</Filter>
    </ClCompile>
    <ClCompile Include="sqlite3.c">
      <Filter>sqlite</Filter>
    </ClCompile>
    <ClCompile Include="DatabaseManager.cpp">
      <Filter>数据库</Filter>
    </ClCompile>
    <ClCompile Include="DockScene.cpp">
      <Filter>Scene</Filter>
    </ClCompile>
    <ClCompile Include="UIText.cpp">
      <Filter>UI</Filter>
    </ClCompile>
    <ClCompile Include="SolarSystem.cpp">
      <Filter>GameObject</Filter>
    </ClCompile>
    <ClCompile Include="SpaceScene.cpp">
      <Filter>Scene</Filter>
    </ClCompile>
    <ClCompile Include="UISkyBox.cpp">
      <Filter>UI</Filter>
    </ClCompile>
    <ClCompile Include="UIWindow.cpp">
      <Filter>UI\window</Filter>
    </ClCompile>
    <ClCompile Include="UIWindowInfo.cpp">
      <Filter>UI\window</Filter>
    </ClCompile>
    <ClCompile Include="UIWindowMap.cpp">
      <Filter>UI\window</Filter>
    </ClCompile>
    <ClCompile Include="UIWindowOverview.cpp">
      <Filter>UI\window</Filter>
    </ClCompile>
    <ClCompile Include="InvTypesManager.cpp">
      <Filter>数据库\数据表</Filter>
    </ClCompile>
    <ClCompile Include="demoManager.cpp">
      <Filter>数据库\数据表</Filter>
    </ClCompile>
    <ClCompile Include="invGroupsManager.cpp">
      <Filter>数据库\数据表</Filter>
    </ClCompile>
    <ClCompile Include="eveBracketsManager.cpp">
      <Filter>数据库\数据表</Filter>
    </ClCompile>
    <ClCompile Include="D3DManager.cpp">
      <Filter>d3d架构</Filter>
    </ClCompile>
    <ClCompile Include="BlendStateComponent.cpp">
      <Filter>EffectComponent</Filter>
    </ClCompile>
    <ClCompile Include="ConstantBufferComponent.cpp">
      <Filter>EffectComponent</Filter>
    </ClCompile>
    <ClCompile Include="DepthStencilStateComponent.cpp">
      <Filter>EffectComponent</Filter>
    </ClCompile>
    <ClCompile Include="GSEffectComponent.cpp">
      <Filter>EffectComponent</Filter>
    </ClCompile>
    <ClCompile Include="IndexBufferComponent.cpp">
      <Filter>EffectComponent</Filter>
    </ClCompile>
    <ClCompile Include="PSEffectComponent.cpp">
      <Filter>EffectComponent</Filter>
    </ClCompile>
    <ClCompile Include="RasterizerStateComponent.cpp">
      <Filter>EffectComponent</Filter>
    </ClCompile>
    <ClCompile Include="VSEffectComponent.cpp">
      <Filter>EffectComponent</Filter>
    </ClCompile>
    <ClCompile Include="VertexBufferComponent.cpp">
      <Filter>EffectComponent</Filter>
    </ClCompile>
    <ClCompile Include="RenderProxy.cpp">
      <Filter>Effect框架</Filter>
    </ClCompile>
    <ClCompile Include="EffectComponent.cpp">
      <Filter>Effect框架</Filter>
    </ClCompile>
    <ClCompile Include="Effect.cpp">
      <Filter>Effect框架</Filter>
    </ClCompile>
    <ClCompile Include="TexturesComponent.cpp">
      <Filter>EffectComponent</Filter>
    </ClCompile>
    <ClCompile Include="Scene.cpp">
      <Filter>Scene</Filter>
    </ClCompile>
    <ClCompile Include="UIBase.cpp">
      <Filter>UI</Filter>
    </ClCompile>
    <ClCompile Include="vertexData.cpp">
      <Filter>EffectComponent</Filter>
    </ClCompile>
    <ClCompile Include="SamplerStateComponent.cpp">
      <Filter>EffectComponent</Filter>
    </ClCompile>
    <ClCompile Include="UIWindowStorage.cpp">
      <Filter>UI\window</Filter>
    </ClCompile>
    <ClCompile Include="Pilot.cpp">
      <Filter>GameObject</Filter>
    </ClCompile>
    <ClCompile Include="SolarSystemMgr.cpp">
      <Filter>GameObject</Filter>
    </ClCompile>
    <ClCompile Include="dynGameObjectsManager.cpp">
      <Filter>数据库\数据表</Filter>
    </ClCompile>
    <ClCompile Include="BaseComponent.cpp">
      <Filter>Component</Filter>
    </ClCompile>
    <ClCompile Include="SpaceTransformComponent.cpp">
      <Filter>Component</Filter>
    </ClCompile>
    <ClCompile Include="PhysicsComponent.cpp">
      <Filter>Component</Filter>
    </ClCompile>
    <ClCompile Include="Ship.cpp">
      <Filter>GameObject</Filter>
    </ClCompile>
    <ClCompile Include="mapDenormalizeManager.cpp">
      <Filter>数据库\数据表</Filter>
    </ClCompile>
    <ClCompile Include="taskDatabaseManager.cpp">
      <Filter>数据库</Filter>
    </ClCompile>
    <ClCompile Include="NPCStation.cpp">
      <Filter>GameObject</Filter>
    </ClCompile>
    <ClCompile Include="Sector.cpp">
      <Filter>GameObject</Filter>
    </ClCompile>
    <ClCompile Include="MapManager.cpp">
      <Filter>数据库\数据表</Filter>
    </ClCompile>
    <ClCompile Include="Astro.cpp">
      <Filter>GameObject</Filter>
    </ClCompile>
    <ClCompile Include="UIRButtonMenu.cpp">
      <Filter>UI</Filter>
    </ClCompile>
    <ClCompile Include="Task.cpp">
      <Filter>Task</Filter>
    </ClCompile>
    <ClCompile Include="TaskMgr.cpp">
      <Filter>Task</Filter>
    </ClCompile>
    <ClCompile Include="StationComponent.cpp">
      <Filter>Component</Filter>
    </ClCompile>
    <ClCompile Include="WarpGateComponent.cpp">
      <Filter>Component</Filter>
    </ClCompile>
    <ClCompile Include="StargateLoadingScene.cpp">
      <Filter>Scene</Filter>
    </ClCompile>
    <ClCompile Include="mapJumpsManager.cpp">
      <Filter>数据库\数据表</Filter>
    </ClCompile>
    <ClCompile Include="mapSolarSystemsManager.cpp">
      <Filter>数据库\数据表</Filter>
    </ClCompile>
    <ClCompile Include="EquipmentComponent.cpp">
      <Filter>Component</Filter>
    </ClCompile>
    <ClCompile Include="AttributesComponent.cpp">
      <Filter>Component</Filter>
    </ClCompile>
    <ClCompile Include="StorageComponent.cpp">
      <Filter>Component</Filter>
    </ClCompile>
    <ClCompile Include="AttributeMacro.h">
      <Filter>宏定义</Filter>
    </ClCompile>
    <ClCompile Include="dogmaTypeAttributesManager.cpp">
      <Filter>数据库\数据表</Filter>
    </ClCompile>
    <ClCompile Include="dogmaAttributesManager.cpp">
      <Filter>数据库\数据表</Filter>
    </ClCompile>
    <ClCompile Include="dynObjectAttributesManager.cpp">
      <Filter>数据库\数据表</Filter>
    </ClCompile>
    <ClCompile Include="dynContainersManager.cpp">
      <Filter>数据库\数据表</Filter>
    </ClCompile>
    <ClCompile Include="StorageMacro.h">
      <Filter>宏定义</Filter>
    </ClCompile>
    <ClCompile Include="LockComponenet.cpp">
      <Filter>d3d架构</Filter>
    </ClCompile>
    <ClCompile Include="Equipment.cpp">
      <Filter>GameObject</Filter>
    </ClCompile>
    <ClCompile Include="log_management.h">
      <Filter>log</Filter>
    </ClCompile>
    <ClCompile Include="log_management.cpp">
      <Filter>log</Filter>
    </ClCompile>
  </ItemGroup>
  <ItemGroup>
    <ClInclude Include="WICTextureLoader.h">
      <Filter>dds</Filter>
    </ClInclude>
    <ClInclude Include="ddsLoader.h">
      <Filter>dds</Filter>
    </ClInclude>
    <ClInclude Include="DDSTextureLoader.h">
      <Filter>dds</Filter>
    </ClInclude>
    <ClInclude Include="d3dApp.h">
      <Filter>d3d架构</Filter>
    </ClInclude>
    <ClInclude Include="d3dUtil.h">
      <Filter>d3d架构</Filter>
    </ClInclude>
    <ClInclude Include="DXTrace.h">
      <Filter>d3d架构</Filter>
    </ClInclude>
    <ClInclude Include="GameTimer.h">
      <Filter>d3d架构</Filter>
    </ClInclude>
    <ClInclude Include="Keyboard.h">
      <Filter>输入</Filter>
    </ClInclude>
    <ClInclude Include="Mouse.h">
      <Filter>输入</Filter>
    </ClInclude>
    <ClInclude Include="core.h">
      <Filter>d3d架构</Filter>
    </ClInclude>
    <ClInclude Include="Camera.h">
      <Filter>摄像机</Filter>
    </ClInclude>
    <ClInclude Include="Transform.h">
      <Filter>摄像机</Filter>
    </ClInclude>
    <ClInclude Include="GameApp.h">
      <Filter>游戏架构</Filter>
    </ClInclude>
    <ClInclude Include="demoScene.h">
      <Filter>Scene</Filter>
    </ClInclude>
    <ClInclude Include="MainScene.h">
      <Filter>Scene</Filter>
    </ClInclude>
    <ClInclude Include="UIButton.h">
      <Filter>UI</Filter>
    </ClInclude>
    <ClInclude Include="GameObject.h">
      <Filter>GameObject</Filter>
    </ClInclude>
    <ClInclude Include="Component.h">
      <Filter>Component</Filter>
    </ClInclude>
    <ClInclude Include="TransformComponent.h">
      <Filter>Component</Filter>
    </ClInclude>
    <ClInclude Include="RenderComponent.h">
      <Filter>Component</Filter>
    </ClInclude>
    <ClInclude Include="GamePlayer.h">
      <Filter>GameObject</Filter>
    </ClInclude>
    <ClInclude Include="UIShaderTest.h">
      <Filter>UI</Filter>
    </ClInclude>
    <ClInclude Include="sqlite3.h">
      <Filter>sqlite</Filter>
    </ClInclude>
    <ClInclude Include="sqlite3ext.h">
      <Filter>sqlite</Filter>
    </ClInclude>
    <ClInclude Include="DatabaseManager.h">
      <Filter>数据库</Filter>
    </ClInclude>
    <ClInclude Include="DockScene.h">
      <Filter>Scene</Filter>
    </ClInclude>
    <ClInclude Include="UIText.h">
      <Filter>UI</Filter>
    </ClInclude>
    <ClInclude Include="SolarSystem.h">
      <Filter>GameObject</Filter>
    </ClInclude>
    <ClInclude Include="SpaceScene.h">
      <Filter>Scene</Filter>
    </ClInclude>
    <ClInclude Include="UISkyBox.h">
      <Filter>UI</Filter>
    </ClInclude>
    <ClInclude Include="UIWindow.h">
      <Filter>UI\window</Filter>
    </ClInclude>
    <ClInclude Include="UIWindowInfo.h">
      <Filter>UI\window</Filter>
    </ClInclude>
    <ClInclude Include="UIWindowMap.h">
      <Filter>UI\window</Filter>
    </ClInclude>
    <ClInclude Include="UIWindowOverview.h">
      <Filter>UI\window</Filter>
    </ClInclude>
    <ClInclude Include="InvTypesManager.h">
      <Filter>数据库\数据表</Filter>
    </ClInclude>
    <ClInclude Include="SingletonBase.h">
      <Filter>数据库</Filter>
    </ClInclude>
    <ClInclude Include="demoManager.h">
      <Filter>数据库\数据表</Filter>
    </ClInclude>
    <ClInclude Include="invGroupsManager.h">
      <Filter>数据库\数据表</Filter>
    </ClInclude>
    <ClInclude Include="eveBracketsManager.h">
      <Filter>数据库\数据表</Filter>
    </ClInclude>
    <ClInclude Include="D3DManager.h">
      <Filter>d3d架构</Filter>
    </ClInclude>
    <ClInclude Include="BlendStateComponent.h">
      <Filter>EffectComponent</Filter>
    </ClInclude>
    <ClInclude Include="ConstantBufferComponent.h">
      <Filter>EffectComponent</Filter>
    </ClInclude>
    <ClInclude Include="RasterizerStateComponent.h">
      <Filter>EffectComponent</Filter>
    </ClInclude>
    <ClInclude Include="GSEffectComponent.h">
      <Filter>EffectComponent</Filter>
    </ClInclude>
    <ClInclude Include="IndexBufferComponent.h">
      <Filter>EffectComponent</Filter>
    </ClInclude>
    <ClInclude Include="PSEffectComponent.h">
      <Filter>EffectComponent</Filter>
    </ClInclude>
    <ClInclude Include="VSEffectComponent.h">
      <Filter>EffectComponent</Filter>
    </ClInclude>
    <ClInclude Include="VertexBufferComponent.h">
      <Filter>EffectComponent</Filter>
    </ClInclude>
    <ClInclude Include="DepthStencilStateComponent.h">
      <Filter>EffectComponent</Filter>
    </ClInclude>
    <ClInclude Include="RenderProxy.h">
      <Filter>Effect框架</Filter>
    </ClInclude>
    <ClInclude Include="Effect.h">
      <Filter>Effect框架</Filter>
    </ClInclude>
    <ClInclude Include="SamplerStateComponent.h">
      <Filter>EffectComponent</Filter>
    </ClInclude>
    <ClInclude Include="TexturesComponent.h">
      <Filter>EffectComponent</Filter>
    </ClInclude>
    <ClInclude Include="EffectComponent.h">
      <Filter>Effect框架</Filter>
    </ClInclude>
    <ClInclude Include="Scene.h">
      <Filter>Scene</Filter>
    </ClInclude>
    <ClInclude Include="UIBase.h">
      <Filter>UI</Filter>
    </ClInclude>
    <ClInclude Include="VertexData.h">
      <Filter>EffectComponent</Filter>
    </ClInclude>
    <ClInclude Include="ConstantBufferData.h">
      <Filter>EffectComponent</Filter>
    </ClInclude>
    <ClInclude Include="UIWindowStorage.h">
      <Filter>UI\window</Filter>
    </ClInclude>
    <ClInclude Include="Pilot.h">
      <Filter>GameObject</Filter>
    </ClInclude>
    <ClInclude Include="SolarSystemMgr.h">
      <Filter>GameObject</Filter>
    </ClInclude>
    <ClInclude Include="dynGameObjectsManager.h">
      <Filter>数据库\数据表</Filter>
    </ClInclude>
    <ClInclude Include="BaseComponent.h">
      <Filter>Component</Filter>
    </ClInclude>
    <ClInclude Include="SpaceTransformComponent.h">
      <Filter>Component</Filter>
    </ClInclude>
    <ClInclude Include="Ship.h">
      <Filter>GameObject</Filter>
    </ClInclude>
    <ClInclude Include="mapDenormalizeManager.h">
      <Filter>数据库\数据表</Filter>
    </ClInclude>
    <ClInclude Include="taskDatabaseManager.h">
      <Filter>数据库</Filter>
    </ClInclude>
    <ClInclude Include="NPCStation.h">
      <Filter>GameObject</Filter>
    </ClInclude>
    <ClInclude Include="Sector.h">
      <Filter>GameObject</Filter>
    </ClInclude>
    <ClInclude Include="MapManager.h">
      <Filter>数据库\数据表</Filter>
    </ClInclude>
    <ClInclude Include="PhysicsComponent.h">
      <Filter>Component</Filter>
    </ClInclude>
    <ClInclude Include="Astro.h">
      <Filter>GameObject</Filter>
    </ClInclude>
    <ClInclude Include="UIRButtonMenu.h">
      <Filter>UI</Filter>
    </ClInclude>
    <ClInclude Include="Task.h">
      <Filter>Task</Filter>
    </ClInclude>
    <ClInclude Include="TaskMgr.h">
      <Filter>Task</Filter>
    </ClInclude>
    <ClInclude Include="StationComponent.h">
      <Filter>Component</Filter>
    </ClInclude>
    <ClInclude Include="WarpGateComponent.h">
      <Filter>Component</Filter>
    </ClInclude>
    <ClInclude Include="StargateLoadingScene.h">
      <Filter>Scene</Filter>
    </ClInclude>
    <ClInclude Include="mapJumpsManager.h">
      <Filter>数据库\数据表</Filter>
    </ClInclude>
    <ClInclude Include="mapSolarSystemsManager.h">
      <Filter>数据库\数据表</Filter>
    </ClInclude>
    <ClInclude Include="EquipmentComponent.h">
      <Filter>Component</Filter>
    </ClInclude>
    <ClInclude Include="AttributesComponent.h">
      <Filter>Component</Filter>
    </ClInclude>
    <ClInclude Include="StorageComponent.h">
      <Filter>Component</Filter>
    </ClInclude>
    <ClInclude Include="dogmaTypeAttributesManager.h">
      <Filter>数据库\数据表</Filter>
    </ClInclude>
    <ClInclude Include="dogmaAttributesManager.h">
      <Filter>数据库\数据表</Filter>
    </ClInclude>
    <ClInclude Include="dynObjectAttributesManager.h">
      <Filter>数据库\数据表</Filter>
    </ClInclude>
    <ClInclude Include="dynContainersManager.h">
      <Filter>数据库\数据表</Filter>
    </ClInclude>
    <ClInclude Include="Equipment.h">
      <Filter>GameObject</Filter>
    </ClInclude>
  </ItemGroup>
  <ItemGroup>
    <FxCompile Include="HLSL\Triangle_PS.hlsl">
      <Filter>着色器</Filter>
    </FxCompile>
    <FxCompile Include="HLSL\Triangle_VS.hlsl">
      <Filter>着色器</Filter>
    </FxCompile>
    <FxCompile Include="HLSL\test_PS.hlsl">
      <Filter>着色器</Filter>
    </FxCompile>
    <FxCompile Include="HLSL\StarMap\StarMapPoint_VS.hlsl">
      <Filter>着色器</Filter>
    </FxCompile>
    <FxCompile Include="HLSL\StarMap\StarMapLine_PS.hlsl">
      <Filter>着色器</Filter>
    </FxCompile>
    <FxCompile Include="HLSL\StarMap\StarMapLine_VS.hlsl">
      <Filter>着色器</Filter>
    </FxCompile>
    <FxCompile Include="HLSL\StarMap\StarMapPoint_GS.hlsl">
      <Filter>着色器</Filter>
    </FxCompile>
    <FxCompile Include="HLSL\StarMap\StarMapPoint_PS.hlsl">
      <Filter>着色器</Filter>
    </FxCompile>
    <FxCompile Include="HLSL\Space\Billboard_GS.hlsl">
      <Filter>着色器</Filter>
    </FxCompile>
    <FxCompile Include="HLSL\Space\Billboard_PS.hlsl">
      <Filter>着色器</Filter>
    </FxCompile>
    <FxCompile Include="HLSL\Space\Billboard_VS.hlsl">
      <Filter>着色器</Filter>
    </FxCompile>
    <FxCompile Include="HLSL\Sky\Sky_PS.hlsl">
      <Filter>着色器</Filter>
    </FxCompile>
    <FxCompile Include="HLSL\Sky\Sky_VS.hlsl">
      <Filter>着色器</Filter>
    </FxCompile>
  </ItemGroup>
  <ItemGroup>
    <None Include="HLSL\Triangle.hlsli">
      <Filter>着色器</Filter>
    </None>
    <None Include="HLSL\StarMap\StarMapPoint.hlsli">
      <Filter>着色器</Filter>
    </None>
    <None Include="HLSL\StarMap\StarMapLine.hlsli">
      <Filter>着色器</Filter>
    </None>
    <None Include="HLSL\Space\Billboard.hlsli">
      <Filter>着色器</Filter>
    </None>
    <None Include="HLSL\Sky\Sky.hlsli">
      <Filter>着色器</Filter>
    </None>
  </ItemGroup>
</Project>