<?xml version="1.0" encoding="utf-8"?>
<Project ToolsVersion="4.0" xmlns="http://schemas.microsoft.com/developer/msbuild/2003">
  <ItemGroup>
    <Filter Include="资源文件">
      <UniqueIdentifier>{67DA6AB6-F800-4c08-8B7A-83BB121AAD01}</UniqueIdentifier>
      <Extensions>rc;ico;cur;bmp;dlg;rc2;rct;bin;rgs;gif;jpg;jpeg;jpe;resx;tiff;tif;png;wav;mfcribbon-ms</Extensions>
    </Filter>
    <Filter Include="着色器">
      <UniqueIdentifier>{c01108ff-58e3-4fc8-a562-12673f255c27}</UniqueIdentifier>
    </Filter>
    <Filter Include="d3d架构">
      <UniqueIdentifier>{4FC737F1-C7A5-4376-A066-2A32D752A2FF}</UniqueIdentifier>
      <Extensions>cpp;c;cc;cxx;def;odl;idl;hpj;bat;asm;asmx</Extensions>
    </Filter>
    <Filter Include="输入">
      <UniqueIdentifier>{93995380-89BD-4b04-88EB-625FBE52EBFB}</UniqueIdentifier>
      <Extensions>h;hh;hpp;hxx;hm;inl;inc;ipp;xsd</Extensions>
    </Filter>
    <Filter Include="UI">
      <UniqueIdentifier>{55da9f5b-04fd-4c5d-94b8-e11e633648bd}</UniqueIdentifier>
    </Filter>
    <Filter Include="摄像机">
      <UniqueIdentifier>{372de0af-23a4-40d8-a945-dddca9768c1c}</UniqueIdentifier>
    </Filter>
    <Filter Include="Scene">
      <UniqueIdentifier>{abd1a52f-ee07-4ef6-973b-90851a621f80}</UniqueIdentifier>
    </Filter>
    <Filter Include="Component">
      <UniqueIdentifier>{b2195ec0-e693-4346-94ac-f163fedbd1f5}</UniqueIdentifier>
    </Filter>
    <Filter Include="游戏架构">
      <UniqueIdentifier>{7acd4044-bace-4e04-bcce-c88fae244ca4}</UniqueIdentifier>
    </Filter>
    <Filter Include="sqlite">
      <UniqueIdentifier>{aa492ae9-328c-47e0-a60b-8edeb17c3eb2}</UniqueIdentifier>
    </Filter>
    <Filter Include="UI\window">
      <UniqueIdentifier>{5da6d1ce-04b2-4785-8799-4b56a7355f98}</UniqueIdentifier>
    </Filter>
    <Filter Include="dds">
      <UniqueIdentifier>{712309f7-4d77-4942-9105-e622430ba4b7}</UniqueIdentifier>
    </Filter>
    <Filter Include="数据库">
      <UniqueIdentifier>{422f5d06-315c-4509-b01d-742a6d478785}</UniqueIdentifier>
    </Filter>
    <Filter Include="数据库\数据表">
      <UniqueIdentifier>{640956c6-d434-4e35-8280-e4094ea2d7ed}</UniqueIdentifier>
    </Filter>
    <Filter Include="EffectComponent">
      <UniqueIdentifier>{9519a093-4a8c-4882-950b-ce7fd53a549d}</UniqueIdentifier>
    </Filter>
    <Filter Include="Effect框架">
      <UniqueIdentifier>{274985dc-b5af-4033-b7ff-380af0ad55d3}</UniqueIdentifier>
    </Filter>
    <Filter Include="Task">
      <UniqueIdentifier>{46cf3438-c16e-46c6-9fdf-48de1a2641db}</UniqueIdentifier>
    </Filter>
    <Filter Include="宏定义">
      <UniqueIdentifier>{893980c8-483b-4a4c-a743-0c990d0ccae5}</UniqueIdentifier>
    </Filter>
    <Filter Include="log">
      <UniqueIdentifier>{79603e1a-1250-404f-bd05-fe482f429684}</UniqueIdentifier>
    </Filter>
    <Filter Include="Object框架">
      <UniqueIdentifier>{755ec50c-6617-424f-8a2d-616e81fe63fe}</UniqueIdentifier>
    </Filter>
    <Filter Include="GenericChain">
      <UniqueIdentifier>{cc5467ea-54fd-4849-a136-56a42624613a}</UniqueIdentifier>
    </Filter>
  </ItemGroup>
  <ItemGroup>
    <ClCompile Include="include\thirdparty\sqlite\sqlite3.c">
      <Filter>sqlite</Filter>
    </ClCompile>
    <ClCompile Include="include\thirdparty\sqlite\shell.c">
      <Filter>sqlite</Filter>
    </ClCompile>
    <ClCompile Include="src\Camera\Camera.cpp">
      <Filter>摄像机</Filter>
    </ClCompile>
    <ClCompile Include="src\Camera\Transform.cpp">
      <Filter>摄像机</Filter>
    </ClCompile>
    <ClCompile Include="src\Component\EquipmentComponent.cpp">
      <Filter>Component</Filter>
    </ClCompile>
    <ClCompile Include="src\Component\EquipmentsComponent.cpp">
      <Filter>Component</Filter>
    </ClCompile>
    <ClCompile Include="src\Component\LockingComponent.cpp">
      <Filter>Component</Filter>
    </ClCompile>
    <ClCompile Include="src\Component\MinerComponent.cpp">
      <Filter>Component</Filter>
    </ClCompile>
    <ClCompile Include="src\Component\PhysicsComponent.cpp">
      <Filter>Component</Filter>
    </ClCompile>
    <ClCompile Include="src\Component\RenderComponent.cpp">
      <Filter>Component</Filter>
    </ClCompile>
    <ClCompile Include="src\Component\SpaceTransformComponent.cpp">
      <Filter>Component</Filter>
    </ClCompile>
    <ClCompile Include="src\Component\StationComponent.cpp">
      <Filter>Component</Filter>
    </ClCompile>
    <ClCompile Include="src\Component\StorageComponent.cpp">
      <Filter>Component</Filter>
    </ClCompile>
    <ClCompile Include="src\Component\TransformComponent.cpp">
      <Filter>Component</Filter>
    </ClCompile>
    <ClCompile Include="src\Component\WarpGateComponent.cpp">
      <Filter>Component</Filter>
    </ClCompile>
    <ClCompile Include="src\Component\WeaponComponent.cpp">
      <Filter>Component</Filter>
    </ClCompile>
    <ClCompile Include="src\Component\AttributesComponent.cpp">
      <Filter>Component</Filter>
    </ClCompile>
    <ClCompile Include="src\Component\BaseComponent.cpp">
      <Filter>Component</Filter>
    </ClCompile>
    <ClCompile Include="src\Component\Component.cpp">
      <Filter>Component</Filter>
    </ClCompile>
    <ClCompile Include="src\D3D\d3dUtil.cpp">
      <Filter>d3d架构</Filter>
    </ClCompile>
    <ClCompile Include="src\D3D\DXTrace.cpp">
      <Filter>d3d架构</Filter>
    </ClCompile>
    <ClCompile Include="src\D3D\GameTimer.cpp">
      <Filter>d3d架构</Filter>
    </ClCompile>
    <ClCompile Include="src\D3D\Main.cpp">
      <Filter>d3d架构</Filter>
    </ClCompile>
    <ClCompile Include="src\D3D\d3dApp.cpp">
      <Filter>d3d架构</Filter>
    </ClCompile>
    <ClCompile Include="src\D3D\D3DManager.cpp">
      <Filter>d3d架构</Filter>
    </ClCompile>
    <ClCompile Include="src\Database\DatabaseManager.cpp">
      <Filter>数据库</Filter>
    </ClCompile>
    <ClCompile Include="src\Database\taskDatabaseManager.cpp">
      <Filter>数据库</Filter>
    </ClCompile>
    <ClCompile Include="src\Database\DataSheet\demoManager.cpp">
      <Filter>数据库\数据表</Filter>
    </ClCompile>
    <ClCompile Include="src\Database\DataSheet\dogmaAttributesManager.cpp">
      <Filter>数据库\数据表</Filter>
    </ClCompile>
    <ClCompile Include="src\Database\DataSheet\dogmaTypeAttributesManager.cpp">
      <Filter>数据库\数据表</Filter>
    </ClCompile>
    <ClCompile Include="src\Database\DataSheet\dynContainersManager.cpp">
      <Filter>数据库\数据表</Filter>
    </ClCompile>
    <ClCompile Include="src\Database\DataSheet\dynGameObjectsManager.cpp">
      <Filter>数据库\数据表</Filter>
    </ClCompile>
    <ClCompile Include="src\Database\DataSheet\dynMarketOrderManager.cpp">
      <Filter>数据库\数据表</Filter>
    </ClCompile>
    <ClCompile Include="src\Database\DataSheet\dynObjectAttributesManager.cpp">
      <Filter>数据库\数据表</Filter>
    </ClCompile>
    <ClCompile Include="src\Database\DataSheet\eveBracketsManager.cpp">
      <Filter>数据库\数据表</Filter>
    </ClCompile>
    <ClCompile Include="src\Database\DataSheet\invCategoriesManager.cpp">
      <Filter>数据库\数据表</Filter>
    </ClCompile>
    <ClCompile Include="src\Database\DataSheet\invGroupsManager.cpp">
      <Filter>数据库\数据表</Filter>
    </ClCompile>
    <ClCompile Include="src\Database\DataSheet\InvTypesManager.cpp">
      <Filter>数据库\数据表</Filter>
    </ClCompile>
    <ClCompile Include="src\Database\DataSheet\mapDenormalizeManager.cpp">
      <Filter>数据库\数据表</Filter>
    </ClCompile>
    <ClCompile Include="src\Database\DataSheet\mapJumpsManager.cpp">
      <Filter>数据库\数据表</Filter>
    </ClCompile>
    <ClCompile Include="src\Database\DataSheet\MapManager.cpp">
      <Filter>数据库\数据表</Filter>
    </ClCompile>
    <ClCompile Include="src\Database\DataSheet\mapSolarSystemsManager.cpp">
      <Filter>数据库\数据表</Filter>
    </ClCompile>
    <ClCompile Include="src\dds\ddsLoader.cpp">
      <Filter>dds</Filter>
    </ClCompile>
    <ClCompile Include="src\dds\DDSTextureLoader.cpp">
      <Filter>dds</Filter>
    </ClCompile>
    <ClCompile Include="src\dds\WICTextureLoader.cpp">
      <Filter>dds</Filter>
    </ClCompile>
    <ClCompile Include="src\Effect\Effect.cpp">
      <Filter>Effect框架</Filter>
    </ClCompile>
    <ClCompile Include="src\Effect\EffectComponent.cpp">
      <Filter>Effect框架</Filter>
    </ClCompile>
    <ClCompile Include="src\Effect\RenderProxy.cpp">
      <Filter>Effect框架</Filter>
    </ClCompile>
    <ClCompile Include="src\EffectComponent\GSEffectComponent.cpp">
      <Filter>EffectComponent</Filter>
    </ClCompile>
    <ClCompile Include="src\EffectComponent\IndexBufferComponent.cpp">
      <Filter>EffectComponent</Filter>
    </ClCompile>
    <ClCompile Include="src\EffectComponent\PSEffectComponent.cpp">
      <Filter>EffectComponent</Filter>
    </ClCompile>
    <ClCompile Include="src\EffectComponent\RasterizerStateComponent.cpp">
      <Filter>EffectComponent</Filter>
    </ClCompile>
    <ClCompile Include="src\EffectComponent\SamplerStateComponent.cpp">
      <Filter>EffectComponent</Filter>
    </ClCompile>
    <ClCompile Include="src\EffectComponent\TexturesComponent.cpp">
      <Filter>EffectComponent</Filter>
    </ClCompile>
    <ClCompile Include="src\EffectComponent\VertexBufferComponent.cpp">
      <Filter>EffectComponent</Filter>
    </ClCompile>
    <ClCompile Include="src\EffectComponent\vertexData.cpp">
      <Filter>EffectComponent</Filter>
    </ClCompile>
    <ClCompile Include="src\EffectComponent\VSEffectComponent.cpp">
      <Filter>EffectComponent</Filter>
    </ClCompile>
    <ClCompile Include="src\EffectComponent\BlendStateComponent.cpp">
      <Filter>EffectComponent</Filter>
    </ClCompile>
    <ClCompile Include="src\EffectComponent\ConstantBufferComponent.cpp">
      <Filter>EffectComponent</Filter>
    </ClCompile>
    <ClCompile Include="src\EffectComponent\DepthStencilStateComponent.cpp">
      <Filter>EffectComponent</Filter>
    </ClCompile>
    <ClCompile Include="src\Game\GameApp.cpp">
      <Filter>游戏架构</Filter>
    </ClCompile>
    <ClCompile Include="src\GenericChain\CustomNode.cpp">
      <Filter>GenericChain</Filter>
    </ClCompile>
    <ClCompile Include="src\GenericChain\GenericChainNode.cpp">
      <Filter>GenericChain</Filter>
    </ClCompile>
    <ClCompile Include="src\GenericChain\RuleParser.cpp">
      <Filter>GenericChain</Filter>
    </ClCompile>
    <ClCompile Include="src\GenericChain\AttributeCalculator.cpp">
      <Filter>GenericChain</Filter>
    </ClCompile>
    <ClCompile Include="src\GenericChain\AttributeCalculatorManager.cpp">
      <Filter>GenericChain</Filter>
    </ClCompile>
    <ClCompile Include="src\Input\Keyboard.cpp">
      <Filter>输入</Filter>
    </ClCompile>
    <ClCompile Include="src\Input\Mouse.cpp">
      <Filter>输入</Filter>
    </ClCompile>
    <ClCompile Include="src\Input\InputHandler.cpp">
      <Filter>输入</Filter>
    </ClCompile>
    <ClCompile Include="src\log\logger_manager.cpp">
      <Filter>log</Filter>
    </ClCompile>
    <ClCompile Include="src\Object\Equipment.cpp">
      <Filter>Object框架</Filter>
    </ClCompile>
    <ClCompile Include="src\Object\GameObject.cpp">
      <Filter>Object框架</Filter>
    </ClCompile>
    <ClCompile Include="src\Object\GamePlayer.cpp">
      <Filter>Object框架</Filter>
    </ClCompile>
    <ClCompile Include="src\Object\NPCStation.cpp">
      <Filter>Object框架</Filter>
    </ClCompile>
    <ClCompile Include="src\Object\Pilot.cpp">
      <Filter>Object框架</Filter>
    </ClCompile>
    <ClCompile Include="src\Object\Sector.cpp">
      <Filter>Object框架</Filter>
    </ClCompile>
    <ClCompile Include="src\Object\Ship.cpp">
      <Filter>Object框架</Filter>
    </ClCompile>
    <ClCompile Include="src\Object\SolarSystem.cpp">
      <Filter>Object框架</Filter>
    </ClCompile>
    <ClCompile Include="src\Object\SolarSystemMgr.cpp">
      <Filter>Object框架</Filter>
    </ClCompile>
    <ClCompile Include="src\Object\Asteroid.cpp">
      <Filter>Object框架</Filter>
    </ClCompile>
    <ClCompile Include="src\Object\Astro.cpp">
      <Filter>Object框架</Filter>
    </ClCompile>
    <ClCompile Include="src\Scene\DockScene.cpp">
      <Filter>Scene</Filter>
    </ClCompile>
    <ClCompile Include="src\Scene\MainScene.cpp">
      <Filter>Scene</Filter>
    </ClCompile>
    <ClCompile Include="src\Scene\Scene.cpp">
      <Filter>Scene</Filter>
    </ClCompile>
    <ClCompile Include="src\Scene\SpaceScene.cpp">
      <Filter>Scene</Filter>
    </ClCompile>
    <ClCompile Include="src\Scene\StargateLoadingScene.cpp">
      <Filter>Scene</Filter>
    </ClCompile>
    <ClCompile Include="src\Scene\demoScene.cpp">
      <Filter>Scene</Filter>
    </ClCompile>
    <ClCompile Include="src\Task\Task.cpp">
      <Filter>Task</Filter>
    </ClCompile>
    <ClCompile Include="src\Task\TaskMgr.cpp">
      <Filter>Task</Filter>
    </ClCompile>
    <ClCompile Include="src\UI\UIRButtonMenu.cpp">
      <Filter>UI</Filter>
    </ClCompile>
    <ClCompile Include="src\UI\UIRichText.cpp">
      <Filter>UI</Filter>
    </ClCompile>
    <ClCompile Include="src\UI\UIShaderTest.cpp">
      <Filter>UI</Filter>
    </ClCompile>
    <ClCompile Include="src\UI\UIShip.cpp">
      <Filter>UI</Filter>
    </ClCompile>
    <ClCompile Include="src\UI\UISkyBox.cpp">
      <Filter>UI</Filter>
    </ClCompile>
    <ClCompile Include="src\UI\UITable.cpp">
      <Filter>UI</Filter>
    </ClCompile>
    <ClCompile Include="src\UI\UIText.cpp">
      <Filter>UI</Filter>
    </ClCompile>
    <ClCompile Include="src\UI\UIBase.cpp">
      <Filter>UI</Filter>
    </ClCompile>
    <ClCompile Include="src\UI\UIButton.cpp">
      <Filter>UI</Filter>
    </ClCompile>
    <ClCompile Include="src\UI\window\UIWindowInfo.cpp">
      <Filter>UI\window</Filter>
    </ClCompile>
    <ClCompile Include="src\UI\window\UIWindowMap.cpp">
      <Filter>UI\window</Filter>
    </ClCompile>
    <ClCompile Include="src\UI\window\UIWindowMarket.cpp">
      <Filter>UI\window</Filter>
    </ClCompile>
    <ClCompile Include="src\UI\window\UIWindowOverview.cpp">
      <Filter>UI\window</Filter>
    </ClCompile>
    <ClCompile Include="src\UI\window\UIWindowShipTree.cpp">
      <Filter>UI\window</Filter>
    </ClCompile>
    <ClCompile Include="src\UI\window\UIWindowStorage.cpp">
      <Filter>UI\window</Filter>
    </ClCompile>
    <ClCompile Include="src\UI\window\UIWinodwRefining.cpp">
      <Filter>UI\window</Filter>
    </ClCompile>
    <ClCompile Include="src\UI\window\WindowManager.cpp">
      <Filter>UI\window</Filter>
    </ClCompile>
    <ClCompile Include="src\UI\window\UIWindow.cpp">
      <Filter>UI\window</Filter>
    </ClCompile>
    <ClCompile Include="src\UI\window\UIWindowDemo.cpp">
      <Filter>UI\window</Filter>
    </ClCompile>
    <ClCompile Include="src\UI\window\UIWindowEquipment.cpp">
      <Filter>UI\window</Filter>
    </ClCompile>
    <ClCompile Include="src\UI\window\UIWindowIndusty.cpp">
      <Filter>UI\window</Filter>
    </ClCompile>
  </ItemGroup>
  <ItemGroup>
    <ClInclude Include="include\thirdparty\sqlite\sqlite3.h">
      <Filter>sqlite</Filter>
    </ClInclude>
    <ClInclude Include="include\thirdparty\sqlite\sqlite3ext.h">
      <Filter>sqlite</Filter>
    </ClInclude>
    <ClInclude Include="include\Camera\Transform.h">
      <Filter>摄像机</Filter>
    </ClInclude>
    <ClInclude Include="include\Camera\Camera.h">
      <Filter>摄像机</Filter>
    </ClInclude>
    <ClInclude Include="include\Component\LockingComponent.h">
      <Filter>Component</Filter>
    </ClInclude>
    <ClInclude Include="include\Component\MinerComponent.h">
      <Filter>Component</Filter>
    </ClInclude>
    <ClInclude Include="include\Component\PhysicsComponent.h">
      <Filter>Component</Filter>
    </ClInclude>
    <ClInclude Include="include\Component\RenderComponent.h">
      <Filter>Component</Filter>
    </ClInclude>
    <ClInclude Include="include\Component\SpaceTransformComponent.h">
      <Filter>Component</Filter>
    </ClInclude>
    <ClInclude Include="include\Component\StationComponent.h">
      <Filter>Component</Filter>
    </ClInclude>
    <ClInclude Include="include\Component\StorageComponent.h">
      <Filter>Component</Filter>
    </ClInclude>
    <ClInclude Include="include\Component\TransformComponent.h">
      <Filter>Component</Filter>
    </ClInclude>
    <ClInclude Include="include\Component\WarpGateComponent.h">
      <Filter>Component</Filter>
    </ClInclude>
    <ClInclude Include="include\Component\WeaponComponent.h">
      <Filter>Component</Filter>
    </ClInclude>
    <ClInclude Include="include\Component\AttributesComponent.h">
      <Filter>Component</Filter>
    </ClInclude>
    <ClInclude Include="include\Component\BaseComponent.h">
      <Filter>Component</Filter>
    </ClInclude>
    <ClInclude Include="include\Component\Component.h">
      <Filter>Component</Filter>
    </ClInclude>
    <ClInclude Include="include\Component\EquipmentComponent.h">
      <Filter>Component</Filter>
    </ClInclude>
    <ClInclude Include="include\Component\EquipmentsComponent.h">
      <Filter>Component</Filter>
    </ClInclude>
    <ClInclude Include="include\D3D\D3DManager.h">
      <Filter>d3d架构</Filter>
    </ClInclude>
    <ClInclude Include="include\D3D\d3dUtil.h">
      <Filter>d3d架构</Filter>
    </ClInclude>
    <ClInclude Include="include\D3D\DXTrace.h">
      <Filter>d3d架构</Filter>
    </ClInclude>
    <ClInclude Include="include\D3D\GameTimer.h">
      <Filter>d3d架构</Filter>
    </ClInclude>
    <ClInclude Include="include\D3D\core.h">
      <Filter>d3d架构</Filter>
    </ClInclude>
    <ClInclude Include="include\D3D\d3dApp.h">
      <Filter>d3d架构</Filter>
    </ClInclude>
    <ClInclude Include="include\Database\DatabaseManager.h">
      <Filter>数据库</Filter>
    </ClInclude>
    <ClInclude Include="include\Database\SingletonBase.h">
      <Filter>数据库</Filter>
    </ClInclude>
    <ClInclude Include="include\Database\taskDatabaseManager.h">
      <Filter>数据库</Filter>
    </ClInclude>
    <ClInclude Include="include\Database\DataSheet\dogmaTypeAttributesManager.h">
      <Filter>数据库\数据表</Filter>
    </ClInclude>
    <ClInclude Include="include\Database\DataSheet\dynContainersManager.h">
      <Filter>数据库\数据表</Filter>
    </ClInclude>
    <ClInclude Include="include\Database\DataSheet\dynGameObjectsManager.h">
      <Filter>数据库\数据表</Filter>
    </ClInclude>
    <ClInclude Include="include\Database\DataSheet\dynMarketOrderManager.h">
      <Filter>数据库\数据表</Filter>
    </ClInclude>
    <ClInclude Include="include\Database\DataSheet\dynObjectAttributesManager.h">
      <Filter>数据库\数据表</Filter>
    </ClInclude>
    <ClInclude Include="include\Database\DataSheet\eveBracketsManager.h">
      <Filter>数据库\数据表</Filter>
    </ClInclude>
    <ClInclude Include="include\Database\DataSheet\invCategoriesManager.h">
      <Filter>数据库\数据表</Filter>
    </ClInclude>
    <ClInclude Include="include\Database\DataSheet\invGroupsManager.h">
      <Filter>数据库\数据表</Filter>
    </ClInclude>
    <ClInclude Include="include\Database\DataSheet\InvTypesManager.h">
      <Filter>数据库\数据表</Filter>
    </ClInclude>
    <ClInclude Include="include\Database\DataSheet\mapDenormalizeManager.h">
      <Filter>数据库\数据表</Filter>
    </ClInclude>
    <ClInclude Include="include\Database\DataSheet\mapJumpsManager.h">
      <Filter>数据库\数据表</Filter>
    </ClInclude>
    <ClInclude Include="include\Database\DataSheet\MapManager.h">
      <Filter>数据库\数据表</Filter>
    </ClInclude>
    <ClInclude Include="include\Database\DataSheet\mapSolarSystemsManager.h">
      <Filter>数据库\数据表</Filter>
    </ClInclude>
    <ClInclude Include="include\Database\DataSheet\demoManager.h">
      <Filter>数据库\数据表</Filter>
    </ClInclude>
    <ClInclude Include="include\Database\DataSheet\dogmaAttributesManager.h">
      <Filter>数据库\数据表</Filter>
    </ClInclude>
    <ClInclude Include="include\dds\DDSTextureLoader.h">
      <Filter>dds</Filter>
    </ClInclude>
    <ClInclude Include="include\dds\WICTextureLoader.h">
      <Filter>dds</Filter>
    </ClInclude>
    <ClInclude Include="include\dds\ddsLoader.h">
      <Filter>dds</Filter>
    </ClInclude>
    <ClInclude Include="include\Effect\RenderProxy.h">
      <Filter>Effect框架</Filter>
    </ClInclude>
    <ClInclude Include="include\Effect\Effect.h">
      <Filter>Effect框架</Filter>
    </ClInclude>
    <ClInclude Include="include\Effect\EffectComponent.h">
      <Filter>Effect框架</Filter>
    </ClInclude>
    <ClInclude Include="include\EffectComponent\GSEffectComponent.h">
      <Filter>EffectComponent</Filter>
    </ClInclude>
    <ClInclude Include="include\EffectComponent\IndexBufferComponent.h">
      <Filter>EffectComponent</Filter>
    </ClInclude>
    <ClInclude Include="include\EffectComponent\PSEffectComponent.h">
      <Filter>EffectComponent</Filter>
    </ClInclude>
    <ClInclude Include="include\EffectComponent\RasterizerStateComponent.h">
      <Filter>EffectComponent</Filter>
    </ClInclude>
    <ClInclude Include="include\EffectComponent\SamplerStateComponent.h">
      <Filter>EffectComponent</Filter>
    </ClInclude>
    <ClInclude Include="include\EffectComponent\TexturesComponent.h">
      <Filter>EffectComponent</Filter>
    </ClInclude>
    <ClInclude Include="include\EffectComponent\VertexBufferComponent.h">
      <Filter>EffectComponent</Filter>
    </ClInclude>
    <ClInclude Include="include\EffectComponent\VertexData.h">
      <Filter>EffectComponent</Filter>
    </ClInclude>
    <ClInclude Include="include\EffectComponent\VSEffectComponent.h">
      <Filter>EffectComponent</Filter>
    </ClInclude>
    <ClInclude Include="include\EffectComponent\BlendStateComponent.h">
      <Filter>EffectComponent</Filter>
    </ClInclude>
    <ClInclude Include="include\EffectComponent\ConstantBufferComponent.h">
      <Filter>EffectComponent</Filter>
    </ClInclude>
    <ClInclude Include="include\EffectComponent\ConstantBufferData.h">
      <Filter>EffectComponent</Filter>
    </ClInclude>
    <ClInclude Include="include\EffectComponent\DepthStencilStateComponent.h">
      <Filter>EffectComponent</Filter>
    </ClInclude>
    <ClInclude Include="include\Game\GameApp.h">
      <Filter>游戏架构</Filter>
    </ClInclude>
    <ClInclude Include="include\Game\version.h">
      <Filter>游戏架构</Filter>
    </ClInclude>
    <ClInclude Include="include\GenericChain\CustomNode.h">
      <Filter>GenericChain</Filter>
    </ClInclude>
    <ClInclude Include="include\GenericChain\GenericChainNode.h">
      <Filter>GenericChain</Filter>
    </ClInclude>
    <ClInclude Include="include\GenericChain\RuleParser.h">
      <Filter>GenericChain</Filter>
    </ClInclude>
    <ClInclude Include="include\GenericChain\AttributeCalculator.h">
      <Filter>GenericChain</Filter>
    </ClInclude>
    <ClInclude Include="include\GenericChain\AttributeCalculatorManager.h">
      <Filter>GenericChain</Filter>
    </ClInclude>
    <ClInclude Include="include\Input\InputHandler.h">
      <Filter>输入</Filter>
    </ClInclude>
    <ClInclude Include="include\Input\Keyboard.h">
      <Filter>输入</Filter>
    </ClInclude>
    <ClInclude Include="include\Input\Mouse.h">
      <Filter>输入</Filter>
    </ClInclude>
    <ClInclude Include="include\log\logger_manager.h">
      <Filter>log</Filter>
    </ClInclude>
    <ClInclude Include="include\Macro\AttributeMacro.h">
      <Filter>宏定义</Filter>
    </ClInclude>
    <ClInclude Include="include\Macro\StorageMacro.h">
      <Filter>宏定义</Filter>
    </ClInclude>
    <ClInclude Include="include\Macro\AttributeCalculatorMacro.h">
      <Filter>宏定义</Filter>
    </ClInclude>
    <ClInclude Include="include\Object\GamePlayer.h">
      <Filter>Object框架</Filter>
    </ClInclude>
    <ClInclude Include="include\Object\NPCStation.h">
      <Filter>Object框架</Filter>
    </ClInclude>
    <ClInclude Include="include\Object\Pilot.h">
      <Filter>Object框架</Filter>
    </ClInclude>
    <ClInclude Include="include\Object\Sector.h">
      <Filter>Object框架</Filter>
    </ClInclude>
    <ClInclude Include="include\Object\Ship.h">
      <Filter>Object框架</Filter>
    </ClInclude>
    <ClInclude Include="include\Object\SolarSystem.h">
      <Filter>Object框架</Filter>
    </ClInclude>
    <ClInclude Include="include\Object\SolarSystemMgr.h">
      <Filter>Object框架</Filter>
    </ClInclude>
    <ClInclude Include="include\Object\Asteroid.h">
      <Filter>Object框架</Filter>
    </ClInclude>
    <ClInclude Include="include\Object\Astro.h">
      <Filter>Object框架</Filter>
    </ClInclude>
    <ClInclude Include="include\Object\Equipment.h">
      <Filter>Object框架</Filter>
    </ClInclude>
    <ClInclude Include="include\Object\GameObject.h">
      <Filter>Object框架</Filter>
    </ClInclude>
    <ClInclude Include="include\Scene\DockScene.h">
      <Filter>Scene</Filter>
    </ClInclude>
    <ClInclude Include="include\Scene\MainScene.h">
      <Filter>Scene</Filter>
    </ClInclude>
    <ClInclude Include="include\Scene\Scene.h">
      <Filter>Scene</Filter>
    </ClInclude>
    <ClInclude Include="include\Scene\SpaceScene.h">
      <Filter>Scene</Filter>
    </ClInclude>
    <ClInclude Include="include\Scene\StargateLoadingScene.h">
      <Filter>Scene</Filter>
    </ClInclude>
    <ClInclude Include="include\Scene\demoScene.h">
      <Filter>Scene</Filter>
    </ClInclude>
    <ClInclude Include="include\Task\Task.h">
      <Filter>Task</Filter>
    </ClInclude>
    <ClInclude Include="include\Task\TaskMgr.h">
      <Filter>Task</Filter>
    </ClInclude>
    <ClInclude Include="include\UI\UIButton.h">
      <Filter>UI</Filter>
    </ClInclude>
    <ClInclude Include="include\UI\UIRButtonMenu.h">
      <Filter>UI</Filter>
    </ClInclude>
    <ClInclude Include="include\UI\UIRichText.h">
      <Filter>UI</Filter>
    </ClInclude>
    <ClInclude Include="include\UI\UIShaderTest.h">
      <Filter>UI</Filter>
    </ClInclude>
    <ClInclude Include="include\UI\UIShip.h">
      <Filter>UI</Filter>
    </ClInclude>
    <ClInclude Include="include\UI\UISkyBox.h">
      <Filter>UI</Filter>
    </ClInclude>
    <ClInclude Include="include\UI\UITable.h">
      <Filter>UI</Filter>
    </ClInclude>
    <ClInclude Include="include\UI\UIText.h">
      <Filter>UI</Filter>
    </ClInclude>
    <ClInclude Include="include\UI\UIBase.h">
      <Filter>UI</Filter>
    </ClInclude>
    <ClInclude Include="include\UI\window\UIWindowInfo.h">
      <Filter>UI\window</Filter>
    </ClInclude>
    <ClInclude Include="include\UI\window\UIWindowMap.h">
      <Filter>UI\window</Filter>
    </ClInclude>
    <ClInclude Include="include\UI\window\UIWindowMarket.h">
      <Filter>UI\window</Filter>
    </ClInclude>
    <ClInclude Include="include\UI\window\UIWindowOverview.h">
      <Filter>UI\window</Filter>
    </ClInclude>
    <ClInclude Include="include\UI\window\UIWindowShipTree.h">
      <Filter>UI\window</Filter>
    </ClInclude>
    <ClInclude Include="include\UI\window\UIWindowStorage.h">
      <Filter>UI\window</Filter>
    </ClInclude>
    <ClInclude Include="include\UI\window\UIWinodwRefining.h">
      <Filter>UI\window</Filter>
    </ClInclude>
    <ClInclude Include="include\UI\window\WindowManager.h">
      <Filter>UI\window</Filter>
    </ClInclude>
    <ClInclude Include="include\UI\window\WindowMessagingSystem.h">
      <Filter>UI\window</Filter>
    </ClInclude>
    <ClInclude Include="include\UI\window\UIWindow.h">
      <Filter>UI\window</Filter>
    </ClInclude>
    <ClInclude Include="include\UI\window\UIWindowDemo.h">
      <Filter>UI\window</Filter>
    </ClInclude>
    <ClInclude Include="include\UI\window\UIWindowEquipment.h">
      <Filter>UI\window</Filter>
    </ClInclude>
    <ClInclude Include="include\UI\window\UIWindowIndusty.h">
      <Filter>UI\window</Filter>
    </ClInclude>
  </ItemGroup>
  <ItemGroup>
    <FxCompile Include="HLSL\Triangle_PS.hlsl">
      <Filter>着色器</Filter>
    </FxCompile>
    <FxCompile Include="HLSL\Triangle_VS.hlsl">
      <Filter>着色器</Filter>
    </FxCompile>
    <FxCompile Include="HLSL\test_PS.hlsl">
      <Filter>着色器</Filter>
    </FxCompile>
    <FxCompile Include="HLSL\StarMap\StarMapPoint_VS.hlsl">
      <Filter>着色器</Filter>
    </FxCompile>
    <FxCompile Include="HLSL\StarMap\StarMapLine_PS.hlsl">
      <Filter>着色器</Filter>
    </FxCompile>
    <FxCompile Include="HLSL\StarMap\StarMapLine_VS.hlsl">
      <Filter>着色器</Filter>
    </FxCompile>
    <FxCompile Include="HLSL\StarMap\StarMapPoint_GS.hlsl">
      <Filter>着色器</Filter>
    </FxCompile>
    <FxCompile Include="HLSL\StarMap\StarMapPoint_PS.hlsl">
      <Filter>着色器</Filter>
    </FxCompile>
    <FxCompile Include="HLSL\Space\Billboard_GS.hlsl">
      <Filter>着色器</Filter>
    </FxCompile>
    <FxCompile Include="HLSL\Space\Billboard_PS.hlsl">
      <Filter>着色器</Filter>
    </FxCompile>
    <FxCompile Include="HLSL\Space\Billboard_VS.hlsl">
      <Filter>着色器</Filter>
    </FxCompile>
    <FxCompile Include="HLSL\Sky\Sky_PS.hlsl">
      <Filter>着色器</Filter>
    </FxCompile>
    <FxCompile Include="HLSL\Sky\Sky_VS.hlsl">
      <Filter>着色器</Filter>
    </FxCompile>
    <FxCompile Include="HLSL\UI\Gauge_VS.hlsl">
      <Filter>着色器</Filter>
    </FxCompile>
    <FxCompile Include="HLSL\UI\Gauge_PS.hlsl">
      <Filter>着色器</Filter>
    </FxCompile>
    <FxCompile Include="HLSL\UI\ProcessCircle_VS.hlsl">
      <Filter>着色器</Filter>
    </FxCompile>
    <FxCompile Include="HLSL\UI\GaugeTarget_PS.hlsl">
      <Filter>着色器</Filter>
    </FxCompile>
    <FxCompile Include="HLSL\UI\GaugeTarget_VS.hlsl">
      <Filter>着色器</Filter>
    </FxCompile>
    <FxCompile Include="HLSL\UI\ProcessCircle_PS.hlsl">
      <Filter>着色器</Filter>
    </FxCompile>
    <FxCompile Include="HLSL\UI\Process_VS.hlsl">
      <Filter>着色器</Filter>
    </FxCompile>
    <FxCompile Include="HLSL\UI\Process_PS.hlsl">
      <Filter>着色器</Filter>
    </FxCompile>
  </ItemGroup>
  <ItemGroup>
    <None Include="HLSL\Triangle.hlsli">
      <Filter>着色器</Filter>
    </None>
    <None Include="HLSL\StarMap\StarMapPoint.hlsli">
      <Filter>着色器</Filter>
    </None>
    <None Include="HLSL\StarMap\StarMapLine.hlsli">
      <Filter>着色器</Filter>
    </None>
    <None Include="HLSL\Space\Billboard.hlsli">
      <Filter>着色器</Filter>
    </None>
    <None Include="HLSL\Sky\Sky.hlsli">
      <Filter>着色器</Filter>
    </None>
    <None Include="HLSL\UI\Gauge.hlsli">
      <Filter>着色器</Filter>
    </None>
    <None Include="HLSL\UI\ProcessCircle.hlsli">
      <Filter>着色器</Filter>
    </None>
    <None Include="HLSL\UI\Process.hlsli">
      <Filter>着色器</Filter>
    </None>
  </ItemGroup>
</Project>