<?xml version="1.0" encoding="utf-8"?>
<Project ToolsVersion="4.0" xmlns="http://schemas.microsoft.com/developer/msbuild/2003">
  <ItemGroup>
    <Filter Include="资源文件">
      <UniqueIdentifier>{67DA6AB6-F800-4c08-8B7A-83BB121AAD01}</UniqueIdentifier>
      <Extensions>rc;ico;cur;bmp;dlg;rc2;rct;bin;rgs;gif;jpg;jpeg;jpe;resx;tiff;tif;png;wav;mfcribbon-ms</Extensions>
    </Filter>
    <Filter Include="着色器">
      <UniqueIdentifier>{c01108ff-58e3-4fc8-a562-12673f255c27}</UniqueIdentifier>
    </Filter>
    <Filter Include="dds">
      <UniqueIdentifier>{712309f7-4d77-4942-9105-e622430ba4b7}</UniqueIdentifier>
    </Filter>
    <Filter Include="d3d架构">
      <UniqueIdentifier>{4FC737F1-C7A5-4376-A066-2A32D752A2FF}</UniqueIdentifier>
      <Extensions>cpp;c;cc;cxx;def;odl;idl;hpj;bat;asm;asmx</Extensions>
    </Filter>
    <Filter Include="游戏架构">
      <UniqueIdentifier>{7acd4044-bace-4e04-bcce-c88fae244ca4}</UniqueIdentifier>
    </Filter>
    <Filter Include="输入">
      <UniqueIdentifier>{93995380-89BD-4b04-88EB-625FBE52EBFB}</UniqueIdentifier>
      <Extensions>h;hh;hpp;hxx;hm;inl;inc;ipp;xsd</Extensions>
    </Filter>
    <Filter Include="输出">
      <UniqueIdentifier>{660c7749-95b0-4fc3-9016-40ae923af1e1}</UniqueIdentifier>
    </Filter>
    <Filter Include="UI">
      <UniqueIdentifier>{55da9f5b-04fd-4c5d-94b8-e11e633648bd}</UniqueIdentifier>
    </Filter>
    <Filter Include="摄像机">
      <UniqueIdentifier>{372de0af-23a4-40d8-a945-dddca9768c1c}</UniqueIdentifier>
    </Filter>
    <Filter Include="Scene">
      <UniqueIdentifier>{abd1a52f-ee07-4ef6-973b-90851a621f80}</UniqueIdentifier>
    </Filter>
  </ItemGroup>
  <ItemGroup>
    <ClCompile Include="d3dApp.cpp">
      <Filter>d3d架构</Filter>
    </ClCompile>
    <ClCompile Include="Main.cpp">
      <Filter>d3d架构</Filter>
    </ClCompile>
    <ClCompile Include="d3dUtil.cpp">
      <Filter>d3d架构</Filter>
    </ClCompile>
    <ClCompile Include="DXTrace.cpp">
      <Filter>d3d架构</Filter>
    </ClCompile>
    <ClCompile Include="GameTimer.cpp">
      <Filter>d3d架构</Filter>
    </ClCompile>
    <ClCompile Include="ddsLoader.cpp">
      <Filter>dds</Filter>
    </ClCompile>
    <ClCompile Include="DDSTextureLoader.cpp">
      <Filter>dds</Filter>
    </ClCompile>
    <ClCompile Include="WICTextureLoader.cpp">
      <Filter>dds</Filter>
    </ClCompile>
    <ClCompile Include="Keyboard.cpp">
      <Filter>输入</Filter>
    </ClCompile>
    <ClCompile Include="Mouse.cpp">
      <Filter>输入</Filter>
    </ClCompile>
    <ClCompile Include="Camera.cpp">
      <Filter>摄像机</Filter>
    </ClCompile>
    <ClCompile Include="Transform.cpp">
      <Filter>摄像机</Filter>
    </ClCompile>
    <ClCompile Include="GameApp.cpp">
      <Filter>游戏架构</Filter>
    </ClCompile>
    <ClCompile Include="Scene.cpp">
      <Filter>游戏架构</Filter>
    </ClCompile>
    <ClCompile Include="demoScene.cpp">
      <Filter>Scene</Filter>
    </ClCompile>
  </ItemGroup>
  <ItemGroup>
    <ClInclude Include="WICTextureLoader.h">
      <Filter>dds</Filter>
    </ClInclude>
    <ClInclude Include="ddsLoader.h">
      <Filter>dds</Filter>
    </ClInclude>
    <ClInclude Include="DDSTextureLoader.h">
      <Filter>dds</Filter>
    </ClInclude>
    <ClInclude Include="d3dApp.h">
      <Filter>d3d架构</Filter>
    </ClInclude>
    <ClInclude Include="d3dUtil.h">
      <Filter>d3d架构</Filter>
    </ClInclude>
    <ClInclude Include="DXTrace.h">
      <Filter>d3d架构</Filter>
    </ClInclude>
    <ClInclude Include="GameTimer.h">
      <Filter>d3d架构</Filter>
    </ClInclude>
    <ClInclude Include="Keyboard.h">
      <Filter>输入</Filter>
    </ClInclude>
    <ClInclude Include="Mouse.h">
      <Filter>输入</Filter>
    </ClInclude>
    <ClInclude Include="core.h">
      <Filter>d3d架构</Filter>
    </ClInclude>
    <ClInclude Include="Camera.h">
      <Filter>摄像机</Filter>
    </ClInclude>
    <ClInclude Include="Transform.h">
      <Filter>摄像机</Filter>
    </ClInclude>
    <ClInclude Include="GameApp.h">
      <Filter>游戏架构</Filter>
    </ClInclude>
    <ClInclude Include="Scene.h">
      <Filter>游戏架构</Filter>
    </ClInclude>
    <ClInclude Include="demoScene.h">
      <Filter>Scene</Filter>
    </ClInclude>
  </ItemGroup>
  <ItemGroup>
    <FxCompile Include="HLSL\Triangle_PS.hlsl">
      <Filter>着色器</Filter>
    </FxCompile>
    <FxCompile Include="HLSL\Triangle_VS.hlsl">
      <Filter>着色器</Filter>
    </FxCompile>
  </ItemGroup>
  <ItemGroup>
    <None Include="HLSL\Triangle.hlsli">
      <Filter>着色器</Filter>
    </None>
  </ItemGroup>
</Project>